
Microsoft Visual Studio Solution File, Format Version 11.00
# Visual Studio 2010
Project("{FAE04EC0-301F-11D3-BF4B-00C04F79EFBC}") = "BulatSal", "BulatSal\BulatSal.csproj", "{3527FEA4-C40A-4ABE-9689-941926845476}"
EndProject
Global
	GlobalSection(SolutionConfigurationPlatforms) = preSolution
		Debug|x86 = Debug|x86
		Release|x86 = Release|x86
	EndGlobalSection
	GlobalSection(ProjectConfigurationPlatforms) = postSolution
		{3527FEA4-C40A-4ABE-9689-941926845476}.Debug|x86.ActiveCfg = Debug|x86
		{3527FEA4-C40A-4ABE-9689-941926845476}.Debug|x86.Build.0 = Debug|x86
		{3527FEA4-C40A-4ABE-9689-941926845476}.Release|x86.ActiveCfg = Release|x86
		{3527FEA4-C40A-4ABE-9689-941926845476}.Release|x86.Build.0 = Release|x86
	EndGlobalSection
	GlobalSection(SolutionProperties) = preSolution
		HideSolutionNode = FALSE
	EndGlobalSection
EndGlobal
