
Microsoft Visual Studio Solution File, Format Version 11.00
# Visual Studio 2010
Project("{8BC9CEB8-8B4A-11D0-8D11-00A0C91BC942}") = "RuslanGub", "RuslanGub\RuslanGub.vcxproj", "{169E25EF-F2C4-4090-BA91-1DFF8E3270AE}"
EndProject
Global
	GlobalSection(SolutionConfigurationPlatforms) = preSolution
		Debug|Win32 = Debug|Win32
		Release|Win32 = Release|Win32
	EndGlobalSection
	GlobalSection(ProjectConfigurationPlatforms) = postSolution
		{169E25EF-F2C4-4090-BA91-1DFF8E3270AE}.Debug|Win32.ActiveCfg = Debug|Win32
		{169E25EF-F2C4-4090-BA91-1DFF8E3270AE}.Debug|Win32.Build.0 = Debug|Win32
		{169E25EF-F2C4-4090-BA91-1DFF8E3270AE}.Release|Win32.ActiveCfg = Release|Win32
		{169E25EF-F2C4-4090-BA91-1DFF8E3270AE}.Release|Win32.Build.0 = Release|Win32
	EndGlobalSection
	GlobalSection(SolutionProperties) = preSolution
		HideSolutionNode = FALSE
	EndGlobalSection
EndGlobal
