
Microsoft Visual Studio Solution File, Format Version 11.00
# Visual Studio 2010
Project("{8BC9CEB8-8B4A-11D0-8D11-00A0C91BC942}") = "StrPoints", "StrPoints\StrPoints.vcxproj", "{7609DDEF-01CD-4956-8A76-31CE7AF2251C}"
EndProject
Global
	GlobalSection(SolutionConfigurationPlatforms) = preSolution
		Debug|Win32 = Debug|Win32
		Release|Win32 = Release|Win32
	EndGlobalSection
	GlobalSection(ProjectConfigurationPlatforms) = postSolution
		{7609DDEF-01CD-4956-8A76-31CE7AF2251C}.Debug|Win32.ActiveCfg = Debug|Win32
		{7609DDEF-01CD-4956-8A76-31CE7AF2251C}.Debug|Win32.Build.0 = Debug|Win32
		{7609DDEF-01CD-4956-8A76-31CE7AF2251C}.Release|Win32.ActiveCfg = Release|Win32
		{7609DDEF-01CD-4956-8A76-31CE7AF2251C}.Release|Win32.Build.0 = Release|Win32
	EndGlobalSection
	GlobalSection(SolutionProperties) = preSolution
		HideSolutionNode = FALSE
	EndGlobalSection
EndGlobal
