
Microsoft Visual Studio Solution File, Format Version 11.00
# Visual Studio 2010
Project("{8BC9CEB8-8B4A-11D0-8D11-00A0C91BC942}") = "SedlovTochki", "SedlovTochki\SedlovTochki.vcxproj", "{2487A850-E245-44E8-B6A9-F92F9203427D}"
EndProject
Global
	GlobalSection(SolutionConfigurationPlatforms) = preSolution
		Debug|Win32 = Debug|Win32
		Release|Win32 = Release|Win32
	EndGlobalSection
	GlobalSection(ProjectConfigurationPlatforms) = postSolution
		{2487A850-E245-44E8-B6A9-F92F9203427D}.Debug|Win32.ActiveCfg = Debug|Win32
		{2487A850-E245-44E8-B6A9-F92F9203427D}.Debug|Win32.Build.0 = Debug|Win32
		{2487A850-E245-44E8-B6A9-F92F9203427D}.Release|Win32.ActiveCfg = Release|Win32
		{2487A850-E245-44E8-B6A9-F92F9203427D}.Release|Win32.Build.0 = Release|Win32
	EndGlobalSection
	GlobalSection(SolutionProperties) = preSolution
		HideSolutionNode = FALSE
	EndGlobalSection
EndGlobal
