
Microsoft Visual Studio Solution File, Format Version 11.00
# Visual Studio 2010
Project("{8BC9CEB8-8B4A-11D0-8D11-00A0C91BC942}") = "VV", "VV\VV.vcxproj", "{E4395658-8E2B-4732-BE10-985C4F2A6E97}"
EndProject
Global
	GlobalSection(SolutionConfigurationPlatforms) = preSolution
		Debug|Win32 = Debug|Win32
		Release|Win32 = Release|Win32
	EndGlobalSection
	GlobalSection(ProjectConfigurationPlatforms) = postSolution
		{E4395658-8E2B-4732-BE10-985C4F2A6E97}.Debug|Win32.ActiveCfg = Debug|Win32
		{E4395658-8E2B-4732-BE10-985C4F2A6E97}.Debug|Win32.Build.0 = Debug|Win32
		{E4395658-8E2B-4732-BE10-985C4F2A6E97}.Release|Win32.ActiveCfg = Release|Win32
		{E4395658-8E2B-4732-BE10-985C4F2A6E97}.Release|Win32.Build.0 = Release|Win32
	EndGlobalSection
	GlobalSection(SolutionProperties) = preSolution
		HideSolutionNode = FALSE
	EndGlobalSection
EndGlobal
