
Microsoft Visual Studio Solution File, Format Version 11.00
# Visual Studio 2010
Project("{FAE04EC0-301F-11D3-BF4B-00C04F79EFBC}") = "MyShop", "MyShop\MyShop.csproj", "{416D1006-4600-484C-9564-8EB9E45E3CAD}"
EndProject
Global
	GlobalSection(SolutionConfigurationPlatforms) = preSolution
		Debug|x86 = Debug|x86
		Release|x86 = Release|x86
	EndGlobalSection
	GlobalSection(ProjectConfigurationPlatforms) = postSolution
		{416D1006-4600-484C-9564-8EB9E45E3CAD}.Debug|x86.ActiveCfg = Debug|x86
		{416D1006-4600-484C-9564-8EB9E45E3CAD}.Debug|x86.Build.0 = Debug|x86
		{416D1006-4600-484C-9564-8EB9E45E3CAD}.Release|x86.ActiveCfg = Release|x86
		{416D1006-4600-484C-9564-8EB9E45E3CAD}.Release|x86.Build.0 = Release|x86
	EndGlobalSection
	GlobalSection(SolutionProperties) = preSolution
		HideSolutionNode = FALSE
	EndGlobalSection
EndGlobal
