
Microsoft Visual Studio Solution File, Format Version 12.00
# Visual Studio 2013
VisualStudioVersion = 12.0.21005.1
MinimumVisualStudioVersion = 10.0.40219.1
Project("{FAE04EC0-301F-11D3-BF4B-00C04F79EFBC}") = "SpamEmAll", "SpamEmAll\SpamEmAll.csproj", "{F31E8E28-34AC-483D-A0E2-D8271238EB9D}"
EndProject
Global
	GlobalSection(SolutionConfigurationPlatforms) = preSolution
		Debug|Any CPU = Debug|Any CPU
		Release|Any CPU = Release|Any CPU
	EndGlobalSection
	GlobalSection(ProjectConfigurationPlatforms) = postSolution
		{F31E8E28-34AC-483D-A0E2-D8271238EB9D}.Debug|Any CPU.ActiveCfg = Debug|Any CPU
		{F31E8E28-34AC-483D-A0E2-D8271238EB9D}.Debug|Any CPU.Build.0 = Debug|Any CPU
		{F31E8E28-34AC-483D-A0E2-D8271238EB9D}.Release|Any CPU.ActiveCfg = Release|Any CPU
		{F31E8E28-34AC-483D-A0E2-D8271238EB9D}.Release|Any CPU.Build.0 = Release|Any CPU
	EndGlobalSection
	GlobalSection(SolutionProperties) = preSolution
		HideSolutionNode = FALSE
	EndGlobalSection
EndGlobal
